
Microsoft Visual Studio Solution File, Format Version 12.00
# Visual Studio Version 16
VisualStudioVersion = 16.0.31105.61
MinimumVisualStudioVersion = 10.0.40219.1
Project("{2150E333-8FDC-42A3-9474-1A3956D46DE8}") = "src", "src", "{2883D367-8384-4FD0-B978-37796C5DA2AC}"
EndProject
Project("{2150E333-8FDC-42A3-9474-1A3956D46DE8}") = "tests", "tests", "{1CF07AD8-6D28-4A4E-BF24-3910020FE355}"
EndProject
Project("{2150E333-8FDC-42A3-9474-1A3956D46DE8}") = "API", "API", "{3B6EFE49-E1C3-484B-92DC-84D6633ECD44}"
EndProject
Project("{2150E333-8FDC-42A3-9474-1A3956D46DE8}") = "Domain", "Domain", "{01193CDA-FE5F-4EFF-868B-F14D8E9C7014}"
EndProject
Project("{2150E333-8FDC-42A3-9474-1A3956D46DE8}") = "Data", "Data", "{EB5D0E9C-5FEE-44A6-8657-D11C707B1FCB}"
EndProject
Project("{2150E333-8FDC-42A3-9474-1A3956D46DE8}") = "Services", "Services", "{D5BFAACA-CB22-4101-A092-ACBF666A995A}"
EndProject
Project("{9A19103F-16F7-4668-BE54-9A1E7A4F7556}") = "H.Data", "src\data\H.Data\H.Data.csproj", "{4C588BC9-0F82-4501-8E12-EDDA0B4DEB7A}"
EndProject
Project("{9A19103F-16F7-4668-BE54-9A1E7A4F7556}") = "H.Domain", "src\domain\H.Domain\H.Domain.csproj", "{8997FCDF-0340-46BB-B5D9-AF696582370A}"
EndProject
Project("{9A19103F-16F7-4668-BE54-9A1E7A4F7556}") = "H.Services", "src\services\H.Services\H.Services.csproj", "{5C26851D-0AF7-40DE-978D-979C2621DAD8}"
EndProject
Project("{9A19103F-16F7-4668-BE54-9A1E7A4F7556}") = "H.API", "src\api\H.API\H.API.csproj", "{42A554FF-1A79-4B97-931C-DA0FCE17DD1A}"
EndProject
Project("{9A19103F-16F7-4668-BE54-9A1E7A4F7556}") = "H.UnitTests", "tests\H.UnitTests\H.UnitTests.csproj", "{9ADF1DFD-AA34-44AE-8117-4F1D17A7B3C4}"
EndProject
Project("{2150E333-8FDC-42A3-9474-1A3956D46DE8}") = "UnitTests", "UnitTests", "{F9D91E38-6D65-41CC-82F0-68FA5D9A4238}"
EndProject
Project("{2150E333-8FDC-42A3-9474-1A3956D46DE8}") = "Building Blocks", "Building Blocks", "{C7A1C5B3-439F-46B9-90A8-65753A3297CF}"
EndProject
Project("{9A19103F-16F7-4668-BE54-9A1E7A4F7556}") = "H.BuildingBlocks", "src\building blocks\H.BuildingBlocks\H.BuildingBlocks.csproj", "{F305272E-2517-4311-B7D2-015A8152E1FA}"
EndProject
Global
	GlobalSection(SolutionConfigurationPlatforms) = preSolution
		Debug|Any CPU = Debug|Any CPU
		Release|Any CPU = Release|Any CPU
	EndGlobalSection
	GlobalSection(ProjectConfigurationPlatforms) = postSolution
		{4C588BC9-0F82-4501-8E12-EDDA0B4DEB7A}.Debug|Any CPU.ActiveCfg = Debug|Any CPU
		{4C588BC9-0F82-4501-8E12-EDDA0B4DEB7A}.Debug|Any CPU.Build.0 = Debug|Any CPU
		{4C588BC9-0F82-4501-8E12-EDDA0B4DEB7A}.Release|Any CPU.ActiveCfg = Release|Any CPU
		{4C588BC9-0F82-4501-8E12-EDDA0B4DEB7A}.Release|Any CPU.Build.0 = Release|Any CPU
		{8997FCDF-0340-46BB-B5D9-AF696582370A}.Debug|Any CPU.ActiveCfg = Debug|Any CPU
		{8997FCDF-0340-46BB-B5D9-AF696582370A}.Debug|Any CPU.Build.0 = Debug|Any CPU
		{8997FCDF-0340-46BB-B5D9-AF696582370A}.Release|Any CPU.ActiveCfg = Release|Any CPU
		{8997FCDF-0340-46BB-B5D9-AF696582370A}.Release|Any CPU.Build.0 = Release|Any CPU
		{5C26851D-0AF7-40DE-978D-979C2621DAD8}.Debug|Any CPU.ActiveCfg = Debug|Any CPU
		{5C26851D-0AF7-40DE-978D-979C2621DAD8}.Debug|Any CPU.Build.0 = Debug|Any CPU
		{5C26851D-0AF7-40DE-978D-979C2621DAD8}.Release|Any CPU.ActiveCfg = Release|Any CPU
		{5C26851D-0AF7-40DE-978D-979C2621DAD8}.Release|Any CPU.Build.0 = Release|Any CPU
		{42A554FF-1A79-4B97-931C-DA0FCE17DD1A}.Debug|Any CPU.ActiveCfg = Debug|Any CPU
		{42A554FF-1A79-4B97-931C-DA0FCE17DD1A}.Debug|Any CPU.Build.0 = Debug|Any CPU
		{42A554FF-1A79-4B97-931C-DA0FCE17DD1A}.Release|Any CPU.ActiveCfg = Release|Any CPU
		{42A554FF-1A79-4B97-931C-DA0FCE17DD1A}.Release|Any CPU.Build.0 = Release|Any CPU
		{9ADF1DFD-AA34-44AE-8117-4F1D17A7B3C4}.Debug|Any CPU.ActiveCfg = Debug|Any CPU
		{9ADF1DFD-AA34-44AE-8117-4F1D17A7B3C4}.Debug|Any CPU.Build.0 = Debug|Any CPU
		{9ADF1DFD-AA34-44AE-8117-4F1D17A7B3C4}.Release|Any CPU.ActiveCfg = Release|Any CPU
		{9ADF1DFD-AA34-44AE-8117-4F1D17A7B3C4}.Release|Any CPU.Build.0 = Release|Any CPU
		{F305272E-2517-4311-B7D2-015A8152E1FA}.Debug|Any CPU.ActiveCfg = Debug|Any CPU
		{F305272E-2517-4311-B7D2-015A8152E1FA}.Debug|Any CPU.Build.0 = Debug|Any CPU
		{F305272E-2517-4311-B7D2-015A8152E1FA}.Release|Any CPU.ActiveCfg = Release|Any CPU
		{F305272E-2517-4311-B7D2-015A8152E1FA}.Release|Any CPU.Build.0 = Release|Any CPU
	EndGlobalSection
	GlobalSection(SolutionProperties) = preSolution
		HideSolutionNode = FALSE
	EndGlobalSection
	GlobalSection(NestedProjects) = preSolution
		{3B6EFE49-E1C3-484B-92DC-84D6633ECD44} = {2883D367-8384-4FD0-B978-37796C5DA2AC}
		{01193CDA-FE5F-4EFF-868B-F14D8E9C7014} = {2883D367-8384-4FD0-B978-37796C5DA2AC}
		{EB5D0E9C-5FEE-44A6-8657-D11C707B1FCB} = {2883D367-8384-4FD0-B978-37796C5DA2AC}
		{D5BFAACA-CB22-4101-A092-ACBF666A995A} = {2883D367-8384-4FD0-B978-37796C5DA2AC}
		{4C588BC9-0F82-4501-8E12-EDDA0B4DEB7A} = {EB5D0E9C-5FEE-44A6-8657-D11C707B1FCB}
		{8997FCDF-0340-46BB-B5D9-AF696582370A} = {01193CDA-FE5F-4EFF-868B-F14D8E9C7014}
		{5C26851D-0AF7-40DE-978D-979C2621DAD8} = {D5BFAACA-CB22-4101-A092-ACBF666A995A}
		{42A554FF-1A79-4B97-931C-DA0FCE17DD1A} = {3B6EFE49-E1C3-484B-92DC-84D6633ECD44}
		{9ADF1DFD-AA34-44AE-8117-4F1D17A7B3C4} = {F9D91E38-6D65-41CC-82F0-68FA5D9A4238}
		{F9D91E38-6D65-41CC-82F0-68FA5D9A4238} = {1CF07AD8-6D28-4A4E-BF24-3910020FE355}
		{C7A1C5B3-439F-46B9-90A8-65753A3297CF} = {2883D367-8384-4FD0-B978-37796C5DA2AC}
		{F305272E-2517-4311-B7D2-015A8152E1FA} = {C7A1C5B3-439F-46B9-90A8-65753A3297CF}
	EndGlobalSection
	GlobalSection(ExtensibilityGlobals) = postSolution
		SolutionGuid = {589882DE-6019-4EAC-A310-8924F006C34C}
	EndGlobalSection
EndGlobal
